
Microsoft Visual Studio Solution File, Format Version 12.00
# Visual Studio Version 17
VisualStudioVersion = 17.13.35931.197
MinimumVisualStudioVersion = 10.0.40219.1
Project("{FAE04EC0-301F-11D3-BF4B-00C04F79EFBC}") = "SampleAPI.EFRepository", "EFRepository\SampleAPI.EFRepository.csproj", "{5E50EAE2-CE4C-4ACE-9E48-D3015BE9B4B5}"
EndProject
Project("{FAE04EC0-301F-11D3-BF4B-00C04F79EFBC}") = "SampleAPI.EFRepository.Tests", "EFRepository.Tests\SampleAPI.EFRepository.Tests.csproj", "{8B3FDAB0-6846-4C45-B609-D76D3777A428}"
	ProjectSection(ProjectDependencies) = postProject
		{5E50EAE2-CE4C-4ACE-9E48-D3015BE9B4B5} = {5E50EAE2-CE4C-4ACE-9E48-D3015BE9B4B5}
	EndProjectSection
EndProject
Project("{FAE04EC0-301F-11D3-BF4B-00C04F79EFBC}") = "SampleAPI", "SampleAPI\SampleAPI.csproj", "{C4071839-6853-4456-AE32-4B60E66445F6}"
EndProject
Global
	GlobalSection(SolutionConfigurationPlatforms) = preSolution
		Debug|Any CPU = Debug|Any CPU
		Release|Any CPU = Release|Any CPU
	EndGlobalSection
	GlobalSection(ProjectConfigurationPlatforms) = postSolution
		{5E50EAE2-CE4C-4ACE-9E48-D3015BE9B4B5}.Debug|Any CPU.ActiveCfg = Debug|Any CPU
		{5E50EAE2-CE4C-4ACE-9E48-D3015BE9B4B5}.Debug|Any CPU.Build.0 = Debug|Any CPU
		{5E50EAE2-CE4C-4ACE-9E48-D3015BE9B4B5}.Release|Any CPU.ActiveCfg = Release|Any CPU
		{5E50EAE2-CE4C-4ACE-9E48-D3015BE9B4B5}.Release|Any CPU.Build.0 = Release|Any CPU
		{8B3FDAB0-6846-4C45-B609-D76D3777A428}.Debug|Any CPU.ActiveCfg = Debug|Any CPU
		{8B3FDAB0-6846-4C45-B609-D76D3777A428}.Debug|Any CPU.Build.0 = Debug|Any CPU
		{8B3FDAB0-6846-4C45-B609-D76D3777A428}.Release|Any CPU.ActiveCfg = Release|Any CPU
		{8B3FDAB0-6846-4C45-B609-D76D3777A428}.Release|Any CPU.Build.0 = Release|Any CPU
		{C4071839-6853-4456-AE32-4B60E66445F6}.Debug|Any CPU.ActiveCfg = Debug|Any CPU
		{C4071839-6853-4456-AE32-4B60E66445F6}.Debug|Any CPU.Build.0 = Debug|Any CPU
		{C4071839-6853-4456-AE32-4B60E66445F6}.Release|Any CPU.ActiveCfg = Release|Any CPU
		{C4071839-6853-4456-AE32-4B60E66445F6}.Release|Any CPU.Build.0 = Release|Any CPU
	EndGlobalSection
	GlobalSection(SolutionProperties) = preSolution
		HideSolutionNode = FALSE
	EndGlobalSection
	GlobalSection(ExtensibilityGlobals) = postSolution
		SolutionGuid = {9C411784-CC96-470A-9B37-DB354600C7B0}
	EndGlobalSection
EndGlobal
